
Microsoft Visual Studio Solution File, Format Version 12.00
# Visual Studio Version 17
VisualStudioVersion = 17.12.35527.113
MinimumVisualStudioVersion = 10.0.40219.1
Project("{2150E333-8FDC-42A3-9474-1A3956D46DE8}") = "src", "src", "{1441A268-C6E1-42C0-979C-10144A99CAE4}"
EndProject
Project("{FAE04EC0-301F-11D3-BF4B-00C04F79EFBC}") = "Synaptics.Application", "Synaptics.Application\Synaptics.Application.csproj", "{FFA92431-689A-4D00-AE75-7BCD6E2F1FCA}"
EndProject
Project("{FAE04EC0-301F-11D3-BF4B-00C04F79EFBC}") = "Synaptics.Domain", "Synaptics.Domain\Synaptics.Domain.csproj", "{4E9EF6D4-82A1-4379-82F4-200E61C505CB}"
EndProject
Project("{FAE04EC0-301F-11D3-BF4B-00C04F79EFBC}") = "Synaptics.Infrastructure", "Synaptics.Infrastructure\Synaptics.Infrastructure.csproj", "{459C8A75-2837-448A-A527-F89354A9556A}"
EndProject
Project("{FAE04EC0-301F-11D3-BF4B-00C04F79EFBC}") = "Synaptics.Persistence", "Synaptics.Persistence\Synaptics.Persistence.csproj", "{3DF87156-3FED-43F9-AF18-82AB4944126B}"
EndProject
Project("{FAE04EC0-301F-11D3-BF4B-00C04F79EFBC}") = "Synaptics.Presentation", "Synaptics.Presentation\Synaptics.Presentation.csproj", "{04F8314B-2D22-42FB-AD37-58E7327D7C34}"
EndProject
Global
	GlobalSection(SolutionConfigurationPlatforms) = preSolution
		Debug|Any CPU = Debug|Any CPU
		Release|Any CPU = Release|Any CPU
	EndGlobalSection
	GlobalSection(ProjectConfigurationPlatforms) = postSolution
		{FFA92431-689A-4D00-AE75-7BCD6E2F1FCA}.Debug|Any CPU.ActiveCfg = Debug|Any CPU
		{FFA92431-689A-4D00-AE75-7BCD6E2F1FCA}.Debug|Any CPU.Build.0 = Debug|Any CPU
		{FFA92431-689A-4D00-AE75-7BCD6E2F1FCA}.Release|Any CPU.ActiveCfg = Release|Any CPU
		{FFA92431-689A-4D00-AE75-7BCD6E2F1FCA}.Release|Any CPU.Build.0 = Release|Any CPU
		{4E9EF6D4-82A1-4379-82F4-200E61C505CB}.Debug|Any CPU.ActiveCfg = Debug|Any CPU
		{4E9EF6D4-82A1-4379-82F4-200E61C505CB}.Debug|Any CPU.Build.0 = Debug|Any CPU
		{4E9EF6D4-82A1-4379-82F4-200E61C505CB}.Release|Any CPU.ActiveCfg = Release|Any CPU
		{4E9EF6D4-82A1-4379-82F4-200E61C505CB}.Release|Any CPU.Build.0 = Release|Any CPU
		{459C8A75-2837-448A-A527-F89354A9556A}.Debug|Any CPU.ActiveCfg = Debug|Any CPU
		{459C8A75-2837-448A-A527-F89354A9556A}.Debug|Any CPU.Build.0 = Debug|Any CPU
		{459C8A75-2837-448A-A527-F89354A9556A}.Release|Any CPU.ActiveCfg = Release|Any CPU
		{459C8A75-2837-448A-A527-F89354A9556A}.Release|Any CPU.Build.0 = Release|Any CPU
		{3DF87156-3FED-43F9-AF18-82AB4944126B}.Debug|Any CPU.ActiveCfg = Debug|Any CPU
		{3DF87156-3FED-43F9-AF18-82AB4944126B}.Debug|Any CPU.Build.0 = Debug|Any CPU
		{3DF87156-3FED-43F9-AF18-82AB4944126B}.Release|Any CPU.ActiveCfg = Release|Any CPU
		{3DF87156-3FED-43F9-AF18-82AB4944126B}.Release|Any CPU.Build.0 = Release|Any CPU
		{04F8314B-2D22-42FB-AD37-58E7327D7C34}.Debug|Any CPU.ActiveCfg = Debug|Any CPU
		{04F8314B-2D22-42FB-AD37-58E7327D7C34}.Debug|Any CPU.Build.0 = Debug|Any CPU
		{04F8314B-2D22-42FB-AD37-58E7327D7C34}.Release|Any CPU.ActiveCfg = Release|Any CPU
		{04F8314B-2D22-42FB-AD37-58E7327D7C34}.Release|Any CPU.Build.0 = Release|Any CPU
	EndGlobalSection
	GlobalSection(SolutionProperties) = preSolution
		HideSolutionNode = FALSE
	EndGlobalSection
	GlobalSection(NestedProjects) = preSolution
		{FFA92431-689A-4D00-AE75-7BCD6E2F1FCA} = {1441A268-C6E1-42C0-979C-10144A99CAE4}
		{4E9EF6D4-82A1-4379-82F4-200E61C505CB} = {1441A268-C6E1-42C0-979C-10144A99CAE4}
		{459C8A75-2837-448A-A527-F89354A9556A} = {1441A268-C6E1-42C0-979C-10144A99CAE4}
		{3DF87156-3FED-43F9-AF18-82AB4944126B} = {1441A268-C6E1-42C0-979C-10144A99CAE4}
		{04F8314B-2D22-42FB-AD37-58E7327D7C34} = {1441A268-C6E1-42C0-979C-10144A99CAE4}
	EndGlobalSection
EndGlobal
